{
  "version": 4,
  "terraform_version": "0.15.3",
  "serial": 95,
  "lineage": "180e219c-a18c-5f48-dfa7-d94f3eb78f87",
  "outputs": {
    "instance_name": {
      "value": "cribl-master",
      "type": "string"
    }
  },
  "resources": [
    {
      "mode": "managed",
      "type": "google_compute_address",
      "name": "static",
      "provider": "provider[\"registry.terraform.io/hashicorp/google\"]",
      "instances": [
        {
          "schema_version": 0,
          "attributes": {
            "address": "34.122.174.197",
            "address_type": "EXTERNAL",
            "creation_timestamp": "2021-06-05T13:24:41.122-07:00",
            "description": "",
            "id": "projects/mts-gcp-dev-environment/regions/us-central1/addresses/vm-public-address",
            "name": "vm-public-address",
            "network_tier": "PREMIUM",
            "project": "mts-gcp-dev-environment",
            "purpose": "",
            "region": "us-central1",
            "self_link": "https://www.googleapis.com/compute/v1/projects/mts-gcp-dev-environment/regions/us-central1/addresses/vm-public-address",
            "subnetwork": "",
            "timeouts": null,
            "users": []
          },
          "sensitive_attributes": [],
          "private": "eyJlMmJmYjczMC1lY2FhLTExZTYtOGY4OC0zNDM2M2JjN2M0YzAiOnsiY3JlYXRlIjoyNDAwMDAwMDAwMDAsImRlbGV0ZSI6MjQwMDAwMDAwMDAwfX0="
        }
      ]
    },
    {
      "mode": "managed",
      "type": "google_compute_instance",
      "name": "cribl_master",
      "provider": "provider[\"registry.terraform.io/hashicorp/google\"]",
      "instances": [
        {
          "schema_version": 6,
          "attributes": {
            "allow_stopping_for_update": null,
            "attached_disk": [],
            "boot_disk": [
              {
                "auto_delete": true,
                "device_name": "persistent-disk-0",
                "disk_encryption_key_raw": "",
                "disk_encryption_key_sha256": "",
                "initialize_params": [
                  {
                    "image": "https://www.googleapis.com/compute/v1/projects/centos-cloud/global/images/centos-7-v20210512",
                    "labels": {},
                    "size": 20,
                    "type": "pd-standard"
                  }
                ],
                "kms_key_self_link": "",
                "mode": "READ_WRITE",
                "source": "https://www.googleapis.com/compute/v1/projects/mts-gcp-dev-environment/zones/us-central1-c/disks/cribl-master"
              }
            ],
            "can_ip_forward": false,
            "confidential_instance_config": [],
            "cpu_platform": "Intel Haswell",
            "current_status": "RUNNING",
            "deletion_protection": false,
            "description": "",
            "desired_status": null,
            "enable_display": false,
            "guest_accelerator": [],
            "hostname": "",
            "id": "projects/mts-gcp-dev-environment/zones/us-central1-c/instances/cribl-master",
            "instance_id": "8780044815671124854",
            "label_fingerprint": "42WmSpB8rSM=",
            "labels": null,
            "machine_type": "e2-medium",
            "metadata": {
              "ssh-keys": "myacoub:ssh-rsa AAAAB3NzaC1yc2EAAAADAQABAAABAQDSPf/EEC0Ld9/BVrGXNC2872PmW5pXoIMQ/Spr44SVR2V2Wc+liTZI3SN0tWc50wIXNlsbDZxkgzxLGj2IzH3M5qMn5kD7cqM1sWmmHhG1roUJEaVjR+I1+l6Jem8ZbvLbaUwjriASQPgAjX8ZGYbbQhIEXFBD58vUM6Fj6H/LyIGYSx4PTXyOwfUZot8qHG2gKODEYLkbXJPINB8q696sCWtYC2ANO5HBygNateCbtkCBNOBkB/eN1TI6wTfVJv1p6ZwxfyWmgZroy7ZNNYdAsCfPGCZ5kk4bCOcO563mlYtpXtZd8naUza2U3ymqgYBzZTl17YG8kwwr968/GNcD myacoub\n"
            },
            "metadata_fingerprint": "EXtOWWfAaIE=",
            "metadata_startup_script": "",
            "min_cpu_platform": "",
            "name": "cribl-master",
            "network_interface": [
              {
                "access_config": [
                  {
                    "nat_ip": "34.122.174.197",
                    "network_tier": "PREMIUM",
                    "public_ptr_domain_name": ""
                  }
                ],
                "alias_ip_range": [],
                "name": "nic0",
                "network": "https://www.googleapis.com/compute/v1/projects/mts-gcp-dev-environment/global/networks/default",
                "network_ip": "10.128.0.32",
                "nic_type": "",
                "subnetwork": "https://www.googleapis.com/compute/v1/projects/mts-gcp-dev-environment/regions/us-central1/subnetworks/default",
                "subnetwork_project": "mts-gcp-dev-environment"
              }
            ],
            "project": "mts-gcp-dev-environment",
            "resource_policies": null,
            "scheduling": [
              {
                "automatic_restart": true,
                "min_node_cpus": 0,
                "node_affinities": [],
                "on_host_maintenance": "MIGRATE",
                "preemptible": false
              }
            ],
            "scratch_disk": [],
            "self_link": "https://www.googleapis.com/compute/v1/projects/mts-gcp-dev-environment/zones/us-central1-c/instances/cribl-master",
            "service_account": [],
            "shielded_instance_config": [
              {
                "enable_integrity_monitoring": true,
                "enable_secure_boot": false,
                "enable_vtpm": true
              }
            ],
            "tags": null,
            "tags_fingerprint": "42WmSpB8rSM=",
            "timeouts": null,
            "zone": "us-central1-c"
          },
          "sensitive_attributes": [],
          "private": "eyJlMmJmYjczMC1lY2FhLTExZTYtOGY4OC0zNDM2M2JjN2M0YzAiOnsiY3JlYXRlIjoxMjAwMDAwMDAwMDAwLCJkZWxldGUiOjEyMDAwMDAwMDAwMDAsInVwZGF0ZSI6MTIwMDAwMDAwMDAwMH0sInNjaGVtYV92ZXJzaW9uIjoiNiJ9",
          "dependencies": [
            "google_compute_address.static"
          ]
        }
      ]
    }
  ]
}
